
Microsoft Visual Studio Solution File, Format Version 12.00
# Visual Studio Version 16
VisualStudioVersion = 16.0.30406.217
MinimumVisualStudioVersion = 10.0.40219.1
Project("{FAE04EC0-301F-11D3-BF4B-00C04F79EFBC}") = "InsERTSubiektNexoAsortymenty", "InsERTSubiektNexoAsortymenty\InsERTSubiektNexoAsortymenty.csproj", "{E5C6938C-2A6D-46D9-9F3E-4387F59518F7}"
EndProject
Project("{FAE04EC0-301F-11D3-BF4B-00C04F79EFBC}") = "InsERTSubiektNexoAsortymenty.Data", "InsERTSubiektNexoAsortymenty.Model\InsERTSubiektNexoAsortymenty.Data.csproj", "{566561CA-34AB-4708-9804-AF7ECBF6D110}"
EndProject
Global
	GlobalSection(SolutionConfigurationPlatforms) = preSolution
		Debug|Any CPU = Debug|Any CPU
		Release|Any CPU = Release|Any CPU
	EndGlobalSection
	GlobalSection(ProjectConfigurationPlatforms) = postSolution
		{E5C6938C-2A6D-46D9-9F3E-4387F59518F7}.Debug|Any CPU.ActiveCfg = Debug|Any CPU
		{E5C6938C-2A6D-46D9-9F3E-4387F59518F7}.Debug|Any CPU.Build.0 = Debug|Any CPU
		{E5C6938C-2A6D-46D9-9F3E-4387F59518F7}.Release|Any CPU.ActiveCfg = Release|Any CPU
		{E5C6938C-2A6D-46D9-9F3E-4387F59518F7}.Release|Any CPU.Build.0 = Release|Any CPU
		{566561CA-34AB-4708-9804-AF7ECBF6D110}.Debug|Any CPU.ActiveCfg = Debug|Any CPU
		{566561CA-34AB-4708-9804-AF7ECBF6D110}.Debug|Any CPU.Build.0 = Debug|Any CPU
		{566561CA-34AB-4708-9804-AF7ECBF6D110}.Release|Any CPU.ActiveCfg = Release|Any CPU
		{566561CA-34AB-4708-9804-AF7ECBF6D110}.Release|Any CPU.Build.0 = Release|Any CPU
	EndGlobalSection
	GlobalSection(SolutionProperties) = preSolution
		HideSolutionNode = FALSE
	EndGlobalSection
	GlobalSection(ExtensibilityGlobals) = postSolution
		SolutionGuid = {4C59E2EB-703F-42F1-866A-20D05805893E}
	EndGlobalSection
EndGlobal
